
Microsoft Visual Studio Solution File, Format Version 12.00
# Visual Studio Version 17
VisualStudioVersion = 17.5.002.0
MinimumVisualStudioVersion = 10.0.40219.1
Project("{9A19103F-16F7-4668-BE54-9A1E7A4F7556}") = "backend", "backend.csproj", "{80B7A852-3DBA-40A8-894E-1FC1CDA64BE3}"
EndProject
Global
	GlobalSection(SolutionConfigurationPlatforms) = preSolution
		Debug|Any CPU = Debug|Any CPU
		Release|Any CPU = Release|Any CPU
	EndGlobalSection
	GlobalSection(ProjectConfigurationPlatforms) = postSolution
		{80B7A852-3DBA-40A8-894E-1FC1CDA64BE3}.Debug|Any CPU.ActiveCfg = Debug|Any CPU
		{80B7A852-3DBA-40A8-894E-1FC1CDA64BE3}.Debug|Any CPU.Build.0 = Debug|Any CPU
		{80B7A852-3DBA-40A8-894E-1FC1CDA64BE3}.Release|Any CPU.ActiveCfg = Release|Any CPU
		{80B7A852-3DBA-40A8-894E-1FC1CDA64BE3}.Release|Any CPU.Build.0 = Release|Any CPU
	EndGlobalSection
	GlobalSection(SolutionProperties) = preSolution
		HideSolutionNode = FALSE
	EndGlobalSection
	GlobalSection(ExtensibilityGlobals) = postSolution
		SolutionGuid = {7C43A224-1725-4FE1-8196-36EC5FBE1EC9}
	EndGlobalSection
EndGlobal
